// !$*UTF8*$!
{
	archiveVersion = 1;
	classes = {
	};
	objectVersion = 56;
	objects = {

/* Begin PBXBuildFile section */
		514545E22A97845F0097AAEC /* SwiftUIWithUIKitComponentsApp.swift in Sources */ = {isa = PBXBuildFile; fileRef = 514545E12A97845F0097AAEC /* SwiftUIWithUIKitComponentsApp.swift */; };
		514545E62A9784600097AAEC /* Assets.xcassets in Resources */ = {isa = PBXBuildFile; fileRef = 514545E52A9784600097AAEC /* Assets.xcassets */; };
		514545E92A9784600097AAEC /* Preview Assets.xcassets in Resources */ = {isa = PBXBuildFile; fileRef = 514545E82A9784600097AAEC /* Preview Assets.xcassets */; };
		514545F32A9784600097AAEC /* SwiftUIWithUIKitComponentsTests.swift in Sources */ = {isa = PBXBuildFile; fileRef = 514545F22A9784600097AAEC /* SwiftUIWithUIKitComponentsTests.swift */; };
		514545FD2A9784600097AAEC /* SwiftUIWithUIKitComponentsUITests.swift in Sources */ = {isa = PBXBuildFile; fileRef = 514545FC2A9784600097AAEC /* SwiftUIWithUIKitComponentsUITests.swift */; };
		514545FF2A9784600097AAEC /* SwiftUIWithUIKitComponentsUITestsLaunchTests.swift in Sources */ = {isa = PBXBuildFile; fileRef = 514545FE2A9784600097AAEC /* SwiftUIWithUIKitComponentsUITestsLaunchTests.swift */; };
		5145460D2A9784A20097AAEC /* Service.swift in Sources */ = {isa = PBXBuildFile; fileRef = 5145460C2A9784A20097AAEC /* Service.swift */; };
		514546102A9784C70097AAEC /* TMDb in Frameworks */ = {isa = PBXBuildFile; productRef = 5145460F2A9784C70097AAEC /* TMDb */; };
		514546172A9788890097AAEC /* MovieData.swift in Sources */ = {isa = PBXBuildFile; fileRef = 514546162A9788890097AAEC /* MovieData.swift */; };
		5154E7C22A97895A006FD0BA /* MoviesViewModel.swift in Sources */ = {isa = PBXBuildFile; fileRef = 5154E7C12A97895A006FD0BA /* MoviesViewModel.swift */; };
		5154E7C42A978984006FD0BA /* MoviesView.swift in Sources */ = {isa = PBXBuildFile; fileRef = 5154E7C32A978984006FD0BA /* MoviesView.swift */; };
		5154E7C72A978A02006FD0BA /* ImageRequestUrl.swift in Sources */ = {isa = PBXBuildFile; fileRef = 5154E7C62A978A02006FD0BA /* ImageRequestUrl.swift */; };
		519DFC5C2A9E17DE00EFF9B4 /* Nuke in Frameworks */ = {isa = PBXBuildFile; productRef = 519DFC5B2A9E17DE00EFF9B4 /* Nuke */; };
		519DFC5E2A9E17DE00EFF9B4 /* NukeExtensions in Frameworks */ = {isa = PBXBuildFile; productRef = 519DFC5D2A9E17DE00EFF9B4 /* NukeExtensions */; };
		519DFC602A9E17DE00EFF9B4 /* NukeUI in Frameworks */ = {isa = PBXBuildFile; productRef = 519DFC5F2A9E17DE00EFF9B4 /* NukeUI */; };
		519DFC622A9E17DE00EFF9B4 /* NukeVideo in Frameworks */ = {isa = PBXBuildFile; productRef = 519DFC612A9E17DE00EFF9B4 /* NukeVideo */; };
		519DFC642A9E1D7D00EFF9B4 /* DetailMovieViewController.swift in Sources */ = {isa = PBXBuildFile; fileRef = 519DFC632A9E1D7D00EFF9B4 /* DetailMovieViewController.swift */; };
		519DFC662A9F1D7600EFF9B4 /* DetailViewModel.swift in Sources */ = {isa = PBXBuildFile; fileRef = 519DFC652A9F1D7600EFF9B4 /* DetailViewModel.swift */; };
		519DFC682A9F482500EFF9B4 /* MovieModel.swift in Sources */ = {isa = PBXBuildFile; fileRef = 519DFC672A9F482500EFF9B4 /* MovieModel.swift */; };
		519DFC6A2A9F483A00EFF9B4 /* DetailMovieModel.swift in Sources */ = {isa = PBXBuildFile; fileRef = 519DFC692A9F483A00EFF9B4 /* DetailMovieModel.swift */; };
		519DFC6F2A9F71D800EFF9B4 /* Environment.swift in Sources */ = {isa = PBXBuildFile; fileRef = 519DFC6E2A9F71D800EFF9B4 /* Environment.swift */; };
		51B361602AA736AD006DEF8B /* NavigationStack+Extension.swift in Sources */ = {isa = PBXBuildFile; fileRef = 51B3615F2AA736AD006DEF8B /* NavigationStack+Extension.swift */; };
		51F9C6D52A98900C00C9A865 /* MovieItem.swift in Sources */ = {isa = PBXBuildFile; fileRef = 51F9C6D42A98900C00C9A865 /* MovieItem.swift */; };
/* End PBXBuildFile section */

/* Begin PBXContainerItemProxy section */
		514545EF2A9784600097AAEC /* PBXContainerItemProxy */ = {
			isa = PBXContainerItemProxy;
			containerPortal = 514545D62A97845F0097AAEC /* Project object */;
			proxyType = 1;
			remoteGlobalIDString = 514545DD2A97845F0097AAEC;
			remoteInfo = SwiftUIWithUIKitComponents;
		};
		514545F92A9784600097AAEC /* PBXContainerItemProxy */ = {
			isa = PBXContainerItemProxy;
			containerPortal = 514545D62A97845F0097AAEC /* Project object */;
			proxyType = 1;
			remoteGlobalIDString = 514545DD2A97845F0097AAEC;
			remoteInfo = SwiftUIWithUIKitComponents;
		};
/* End PBXContainerItemProxy section */

/* Begin PBXFileReference section */
		511B34322AA601250045E0C5 /* Config.xcconfig */ = {isa = PBXFileReference; lastKnownFileType = text.xcconfig; path = Config.xcconfig; sourceTree = "<group>"; };
		514545DE2A97845F0097AAEC /* SwiftUIWithUIKitComponents.app */ = {isa = PBXFileReference; explicitFileType = wrapper.application; includeInIndex = 0; path = SwiftUIWithUIKitComponents.app; sourceTree = BUILT_PRODUCTS_DIR; };
		514545E12A97845F0097AAEC /* SwiftUIWithUIKitComponentsApp.swift */ = {isa = PBXFileReference; lastKnownFileType = sourcecode.swift; path = SwiftUIWithUIKitComponentsApp.swift; sourceTree = "<group>"; };
		514545E52A9784600097AAEC /* Assets.xcassets */ = {isa = PBXFileReference; lastKnownFileType = folder.assetcatalog; path = Assets.xcassets; sourceTree = "<group>"; };
		514545E82A9784600097AAEC /* Preview Assets.xcassets */ = {isa = PBXFileReference; lastKnownFileType = folder.assetcatalog; path = "Preview Assets.xcassets"; sourceTree = "<group>"; };
		514545EE2A9784600097AAEC /* SwiftUIWithUIKitComponentsTests.xctest */ = {isa = PBXFileReference; explicitFileType = wrapper.cfbundle; includeInIndex = 0; path = SwiftUIWithUIKitComponentsTests.xctest; sourceTree = BUILT_PRODUCTS_DIR; };
		514545F22A9784600097AAEC /* SwiftUIWithUIKitComponentsTests.swift */ = {isa = PBXFileReference; lastKnownFileType = sourcecode.swift; path = SwiftUIWithUIKitComponentsTests.swift; sourceTree = "<group>"; };
		514545F82A9784600097AAEC /* SwiftUIWithUIKitComponentsUITests.xctest */ = {isa = PBXFileReference; explicitFileType = wrapper.cfbundle; includeInIndex = 0; path = SwiftUIWithUIKitComponentsUITests.xctest; sourceTree = BUILT_PRODUCTS_DIR; };
		514545FC2A9784600097AAEC /* SwiftUIWithUIKitComponentsUITests.swift */ = {isa = PBXFileReference; lastKnownFileType = sourcecode.swift; path = SwiftUIWithUIKitComponentsUITests.swift; sourceTree = "<group>"; };
		514545FE2A9784600097AAEC /* SwiftUIWithUIKitComponentsUITestsLaunchTests.swift */ = {isa = PBXFileReference; lastKnownFileType = sourcecode.swift; path = SwiftUIWithUIKitComponentsUITestsLaunchTests.swift; sourceTree = "<group>"; };
		5145460C2A9784A20097AAEC /* Service.swift */ = {isa = PBXFileReference; lastKnownFileType = sourcecode.swift; path = Service.swift; sourceTree = "<group>"; };
		514546162A9788890097AAEC /* MovieData.swift */ = {isa = PBXFileReference; lastKnownFileType = sourcecode.swift; path = MovieData.swift; sourceTree = "<group>"; };
		5154E7C12A97895A006FD0BA /* MoviesViewModel.swift */ = {isa = PBXFileReference; lastKnownFileType = sourcecode.swift; path = MoviesViewModel.swift; sourceTree = "<group>"; };
		5154E7C32A978984006FD0BA /* MoviesView.swift */ = {isa = PBXFileReference; lastKnownFileType = sourcecode.swift; path = MoviesView.swift; sourceTree = "<group>"; };
		5154E7C62A978A02006FD0BA /* ImageRequestUrl.swift */ = {isa = PBXFileReference; lastKnownFileType = sourcecode.swift; path = ImageRequestUrl.swift; sourceTree = "<group>"; };
		519DFC632A9E1D7D00EFF9B4 /* DetailMovieViewController.swift */ = {isa = PBXFileReference; lastKnownFileType = sourcecode.swift; path = DetailMovieViewController.swift; sourceTree = "<group>"; };
		519DFC652A9F1D7600EFF9B4 /* DetailViewModel.swift */ = {isa = PBXFileReference; lastKnownFileType = sourcecode.swift; path = DetailViewModel.swift; sourceTree = "<group>"; };
		519DFC672A9F482500EFF9B4 /* MovieModel.swift */ = {isa = PBXFileReference; lastKnownFileType = sourcecode.swift; path = MovieModel.swift; sourceTree = "<group>"; };
		519DFC692A9F483A00EFF9B4 /* DetailMovieModel.swift */ = {isa = PBXFileReference; lastKnownFileType = sourcecode.swift; path = DetailMovieModel.swift; sourceTree = "<group>"; };
		519DFC6D2A9F6E3500EFF9B4 /* Info.plist */ = {isa = PBXFileReference; lastKnownFileType = text.plist; path = Info.plist; sourceTree = "<group>"; };
		519DFC6E2A9F71D800EFF9B4 /* Environment.swift */ = {isa = PBXFileReference; lastKnownFileType = sourcecode.swift; path = Environment.swift; sourceTree = "<group>"; };
		51B3615F2AA736AD006DEF8B /* NavigationStack+Extension.swift */ = {isa = PBXFileReference; lastKnownFileType = sourcecode.swift; path = "NavigationStack+Extension.swift"; sourceTree = "<group>"; };
		51F9C6D42A98900C00C9A865 /* MovieItem.swift */ = {isa = PBXFileReference; lastKnownFileType = sourcecode.swift; path = MovieItem.swift; sourceTree = "<group>"; };
/* End PBXFileReference section */

/* Begin PBXFrameworksBuildPhase section */
		514545DB2A97845F0097AAEC /* Frameworks */ = {
			isa = PBXFrameworksBuildPhase;
			buildActionMask = 2147483647;
			files = (
				514546102A9784C70097AAEC /* TMDb in Frameworks */,
				519DFC5C2A9E17DE00EFF9B4 /* Nuke in Frameworks */,
				519DFC622A9E17DE00EFF9B4 /* NukeVideo in Frameworks */,
				519DFC5E2A9E17DE00EFF9B4 /* NukeExtensions in Frameworks */,
				519DFC602A9E17DE00EFF9B4 /* NukeUI in Frameworks */,
			);
			runOnlyForDeploymentPostprocessing = 0;
		};
		514545EB2A9784600097AAEC /* Frameworks */ = {
			isa = PBXFrameworksBuildPhase;
			buildActionMask = 2147483647;
			files = (
			);
			runOnlyForDeploymentPostprocessing = 0;
		};
		514545F52A9784600097AAEC /* Frameworks */ = {
			isa = PBXFrameworksBuildPhase;
			buildActionMask = 2147483647;
			files = (
			);
			runOnlyForDeploymentPostprocessing = 0;
		};
/* End PBXFrameworksBuildPhase section */

/* Begin PBXGroup section */
		514545D52A97845F0097AAEC = {
			isa = PBXGroup;
			children = (
				514545E02A97845F0097AAEC /* SwiftUIWithUIKitComponents */,
				514545F12A9784600097AAEC /* SwiftUIWithUIKitComponentsTests */,
				514545FB2A9784600097AAEC /* SwiftUIWithUIKitComponentsUITests */,
				514545DF2A97845F0097AAEC /* Products */,
			);
			sourceTree = "<group>";
		};
		514545DF2A97845F0097AAEC /* Products */ = {
			isa = PBXGroup;
			children = (
				514545DE2A97845F0097AAEC /* SwiftUIWithUIKitComponents.app */,
				514545EE2A9784600097AAEC /* SwiftUIWithUIKitComponentsTests.xctest */,
				514545F82A9784600097AAEC /* SwiftUIWithUIKitComponentsUITests.xctest */,
			);
			name = Products;
			sourceTree = "<group>";
		};
		514545E02A97845F0097AAEC /* SwiftUIWithUIKitComponents */ = {
			isa = PBXGroup;
			children = (
				519DFC6D2A9F6E3500EFF9B4 /* Info.plist */,
				519DFC6B2A9F6CDA00EFF9B4 /* Config */,
				514546112A9784E90097AAEC /* Scenes */,
				5145460B2A97848E0097AAEC /* Service */,
				514545E12A97845F0097AAEC /* SwiftUIWithUIKitComponentsApp.swift */,
				514545E52A9784600097AAEC /* Assets.xcassets */,
				514545E72A9784600097AAEC /* Preview Content */,
			);
			path = SwiftUIWithUIKitComponents;
			sourceTree = "<group>";
		};
		514545E72A9784600097AAEC /* Preview Content */ = {
			isa = PBXGroup;
			children = (
				514545E82A9784600097AAEC /* Preview Assets.xcassets */,
			);
			path = "Preview Content";
			sourceTree = "<group>";
		};
		514545F12A9784600097AAEC /* SwiftUIWithUIKitComponentsTests */ = {
			isa = PBXGroup;
			children = (
				514545F22A9784600097AAEC /* SwiftUIWithUIKitComponentsTests.swift */,
			);
			path = SwiftUIWithUIKitComponentsTests;
			sourceTree = "<group>";
		};
		514545FB2A9784600097AAEC /* SwiftUIWithUIKitComponentsUITests */ = {
			isa = PBXGroup;
			children = (
				514545FC2A9784600097AAEC /* SwiftUIWithUIKitComponentsUITests.swift */,
				514545FE2A9784600097AAEC /* SwiftUIWithUIKitComponentsUITestsLaunchTests.swift */,
			);
			path = SwiftUIWithUIKitComponentsUITests;
			sourceTree = "<group>";
		};
		5145460B2A97848E0097AAEC /* Service */ = {
			isa = PBXGroup;
			children = (
				5145460C2A9784A20097AAEC /* Service.swift */,
				514546162A9788890097AAEC /* MovieData.swift */,
			);
			path = Service;
			sourceTree = "<group>";
		};
		514546112A9784E90097AAEC /* Scenes */ = {
			isa = PBXGroup;
			children = (
				5154E7C52A9789F3006FD0BA /* Utils */,
				514546152A97850B0097AAEC /* DetailMovieScene */,
				514546142A9784FD0097AAEC /* MovieListScene */,
			);
			path = Scenes;
			sourceTree = "<group>";
		};
		514546142A9784FD0097AAEC /* MovieListScene */ = {
			isa = PBXGroup;
			children = (
				51F9C6D32A988FD000C9A865 /* Views */,
				5154E7C12A97895A006FD0BA /* MoviesViewModel.swift */,
				5154E7C32A978984006FD0BA /* MoviesView.swift */,
				519DFC672A9F482500EFF9B4 /* MovieModel.swift */,
			);
			path = MovieListScene;
			sourceTree = "<group>";
		};
		514546152A97850B0097AAEC /* DetailMovieScene */ = {
			isa = PBXGroup;
			children = (
				519DFC632A9E1D7D00EFF9B4 /* DetailMovieViewController.swift */,
				519DFC652A9F1D7600EFF9B4 /* DetailViewModel.swift */,
				519DFC692A9F483A00EFF9B4 /* DetailMovieModel.swift */,
			);
			path = DetailMovieScene;
			sourceTree = "<group>";
		};
		5154E7C52A9789F3006FD0BA /* Utils */ = {
			isa = PBXGroup;
			children = (
				5154E7C62A978A02006FD0BA /* ImageRequestUrl.swift */,
				51B3615F2AA736AD006DEF8B /* NavigationStack+Extension.swift */,
			);
			path = Utils;
			sourceTree = "<group>";
		};
		519DFC6B2A9F6CDA00EFF9B4 /* Config */ = {
			isa = PBXGroup;
			children = (
				519DFC6E2A9F71D800EFF9B4 /* Environment.swift */,
				511B34322AA601250045E0C5 /* Config.xcconfig */,
			);
			path = Config;
			sourceTree = "<group>";
		};
		51F9C6D32A988FD000C9A865 /* Views */ = {
			isa = PBXGroup;
			children = (
				51F9C6D42A98900C00C9A865 /* MovieItem.swift */,
			);
			path = Views;
			sourceTree = "<group>";
		};
/* End PBXGroup section */

/* Begin PBXNativeTarget section */
		514545DD2A97845F0097AAEC /* SwiftUIWithUIKitComponents */ = {
			isa = PBXNativeTarget;
			buildConfigurationList = 514546022A9784600097AAEC /* Build configuration list for PBXNativeTarget "SwiftUIWithUIKitComponents" */;
			buildPhases = (
				514545DA2A97845F0097AAEC /* Sources */,
				514545DB2A97845F0097AAEC /* Frameworks */,
				514545DC2A97845F0097AAEC /* Resources */,
			);
			buildRules = (
			);
			dependencies = (
			);
			name = SwiftUIWithUIKitComponents;
			packageProductDependencies = (
				5145460F2A9784C70097AAEC /* TMDb */,
				519DFC5B2A9E17DE00EFF9B4 /* Nuke */,
				519DFC5D2A9E17DE00EFF9B4 /* NukeExtensions */,
				519DFC5F2A9E17DE00EFF9B4 /* NukeUI */,
				519DFC612A9E17DE00EFF9B4 /* NukeVideo */,
			);
			productName = SwiftUIWithUIKitComponents;
			productReference = 514545DE2A97845F0097AAEC /* SwiftUIWithUIKitComponents.app */;
			productType = "com.apple.product-type.application";
		};
		514545ED2A9784600097AAEC /* SwiftUIWithUIKitComponentsTests */ = {
			isa = PBXNativeTarget;
			buildConfigurationList = 514546052A9784600097AAEC /* Build configuration list for PBXNativeTarget "SwiftUIWithUIKitComponentsTests" */;
			buildPhases = (
				514545EA2A9784600097AAEC /* Sources */,
				514545EB2A9784600097AAEC /* Frameworks */,
				514545EC2A9784600097AAEC /* Resources */,
			);
			buildRules = (
			);
			dependencies = (
				514545F02A9784600097AAEC /* PBXTargetDependency */,
			);
			name = SwiftUIWithUIKitComponentsTests;
			productName = SwiftUIWithUIKitComponentsTests;
			productReference = 514545EE2A9784600097AAEC /* SwiftUIWithUIKitComponentsTests.xctest */;
			productType = "com.apple.product-type.bundle.unit-test";
		};
		514545F72A9784600097AAEC /* SwiftUIWithUIKitComponentsUITests */ = {
			isa = PBXNativeTarget;
			buildConfigurationList = 514546082A9784600097AAEC /* Build configuration list for PBXNativeTarget "SwiftUIWithUIKitComponentsUITests" */;
			buildPhases = (
				514545F42A9784600097AAEC /* Sources */,
				514545F52A9784600097AAEC /* Frameworks */,
				514545F62A9784600097AAEC /* Resources */,
			);
			buildRules = (
			);
			dependencies = (
				514545FA2A9784600097AAEC /* PBXTargetDependency */,
			);
			name = SwiftUIWithUIKitComponentsUITests;
			productName = SwiftUIWithUIKitComponentsUITests;
			productReference = 514545F82A9784600097AAEC /* SwiftUIWithUIKitComponentsUITests.xctest */;
			productType = "com.apple.product-type.bundle.ui-testing";
		};
/* End PBXNativeTarget section */

/* Begin PBXProject section */
		514545D62A97845F0097AAEC /* Project object */ = {
			isa = PBXProject;
			attributes = {
				BuildIndependentTargetsInParallel = NO;
				LastSwiftUpdateCheck = 1430;
				LastUpgradeCheck = 1430;
				TargetAttributes = {
					514545DD2A97845F0097AAEC = {
						CreatedOnToolsVersion = 14.3;
					};
					514545ED2A9784600097AAEC = {
						CreatedOnToolsVersion = 14.3;
						TestTargetID = 514545DD2A97845F0097AAEC;
					};
					514545F72A9784600097AAEC = {
						CreatedOnToolsVersion = 14.3;
						TestTargetID = 514545DD2A97845F0097AAEC;
					};
				};
			};
			buildConfigurationList = 514545D92A97845F0097AAEC /* Build configuration list for PBXProject "SwiftUIWithUIKitComponents" */;
			compatibilityVersion = "Xcode 14.0";
			developmentRegion = en;
			hasScannedForEncodings = 0;
			knownRegions = (
				en,
				Base,
			);
			mainGroup = 514545D52A97845F0097AAEC;
			packageReferences = (
				5145460E2A9784C70097AAEC /* XCRemoteSwiftPackageReference "TMDb" */,
				519DFC5A2A9E17DE00EFF9B4 /* XCRemoteSwiftPackageReference "Nuke" */,
			);
			productRefGroup = 514545DF2A97845F0097AAEC /* Products */;
			projectDirPath = "";
			projectRoot = "";
			targets = (
				514545DD2A97845F0097AAEC /* SwiftUIWithUIKitComponents */,
				514545ED2A9784600097AAEC /* SwiftUIWithUIKitComponentsTests */,
				514545F72A9784600097AAEC /* SwiftUIWithUIKitComponentsUITests */,
			);
		};
/* End PBXProject section */

/* Begin PBXResourcesBuildPhase section */
		514545DC2A97845F0097AAEC /* Resources */ = {
			isa = PBXResourcesBuildPhase;
			buildActionMask = 2147483647;
			files = (
				514545E92A9784600097AAEC /* Preview Assets.xcassets in Resources */,
				514545E62A9784600097AAEC /* Assets.xcassets in Resources */,
			);
			runOnlyForDeploymentPostprocessing = 0;
		};
		514545EC2A9784600097AAEC /* Resources */ = {
			isa = PBXResourcesBuildPhase;
			buildActionMask = 2147483647;
			files = (
			);
			runOnlyForDeploymentPostprocessing = 0;
		};
		514545F62A9784600097AAEC /* Resources */ = {
			isa = PBXResourcesBuildPhase;
			buildActionMask = 2147483647;
			files = (
			);
			runOnlyForDeploymentPostprocessing = 0;
		};
/* End PBXResourcesBuildPhase section */

/* Begin PBXSourcesBuildPhase section */
		514545DA2A97845F0097AAEC /* Sources */ = {
			isa = PBXSourcesBuildPhase;
			buildActionMask = 2147483647;
			files = (
				5154E7C42A978984006FD0BA /* MoviesView.swift in Sources */,
				519DFC6F2A9F71D800EFF9B4 /* Environment.swift in Sources */,
				5154E7C72A978A02006FD0BA /* ImageRequestUrl.swift in Sources */,
				519DFC682A9F482500EFF9B4 /* MovieModel.swift in Sources */,
				519DFC642A9E1D7D00EFF9B4 /* DetailMovieViewController.swift in Sources */,
				514545E22A97845F0097AAEC /* SwiftUIWithUIKitComponentsApp.swift in Sources */,
				519DFC662A9F1D7600EFF9B4 /* DetailViewModel.swift in Sources */,
				514546172A9788890097AAEC /* MovieData.swift in Sources */,
				51F9C6D52A98900C00C9A865 /* MovieItem.swift in Sources */,
				519DFC6A2A9F483A00EFF9B4 /* DetailMovieModel.swift in Sources */,
				51B361602AA736AD006DEF8B /* NavigationStack+Extension.swift in Sources */,
				5145460D2A9784A20097AAEC /* Service.swift in Sources */,
				5154E7C22A97895A006FD0BA /* MoviesViewModel.swift in Sources */,
			);
			runOnlyForDeploymentPostprocessing = 0;
		};
		514545EA2A9784600097AAEC /* Sources */ = {
			isa = PBXSourcesBuildPhase;
			buildActionMask = 2147483647;
			files = (
				514545F32A9784600097AAEC /* SwiftUIWithUIKitComponentsTests.swift in Sources */,
			);
			runOnlyForDeploymentPostprocessing = 0;
		};
		514545F42A9784600097AAEC /* Sources */ = {
			isa = PBXSourcesBuildPhase;
			buildActionMask = 2147483647;
			files = (
				514545FD2A9784600097AAEC /* SwiftUIWithUIKitComponentsUITests.swift in Sources */,
				514545FF2A9784600097AAEC /* SwiftUIWithUIKitComponentsUITestsLaunchTests.swift in Sources */,
			);
			runOnlyForDeploymentPostprocessing = 0;
		};
/* End PBXSourcesBuildPhase section */

/* Begin PBXTargetDependency section */
		514545F02A9784600097AAEC /* PBXTargetDependency */ = {
			isa = PBXTargetDependency;
			target = 514545DD2A97845F0097AAEC /* SwiftUIWithUIKitComponents */;
			targetProxy = 514545EF2A9784600097AAEC /* PBXContainerItemProxy */;
		};
		514545FA2A9784600097AAEC /* PBXTargetDependency */ = {
			isa = PBXTargetDependency;
			target = 514545DD2A97845F0097AAEC /* SwiftUIWithUIKitComponents */;
			targetProxy = 514545F92A9784600097AAEC /* PBXContainerItemProxy */;
		};
/* End PBXTargetDependency section */

/* Begin XCBuildConfiguration section */
		514546002A9784600097AAEC /* Debug */ = {
			isa = XCBuildConfiguration;
			baseConfigurationReference = 511B34322AA601250045E0C5 /* Config.xcconfig */;
			buildSettings = {
				ALWAYS_SEARCH_USER_PATHS = NO;
				CLANG_ANALYZER_NONNULL = YES;
				CLANG_ANALYZER_NUMBER_OBJECT_CONVERSION = YES_AGGRESSIVE;
				CLANG_CXX_LANGUAGE_STANDARD = "gnu++20";
				CLANG_ENABLE_MODULES = YES;
				CLANG_ENABLE_OBJC_ARC = YES;
				CLANG_ENABLE_OBJC_WEAK = YES;
				CLANG_WARN_BLOCK_CAPTURE_AUTORELEASING = YES;
				CLANG_WARN_BOOL_CONVERSION = YES;
				CLANG_WARN_COMMA = YES;
				CLANG_WARN_CONSTANT_CONVERSION = YES;
				CLANG_WARN_DEPRECATED_OBJC_IMPLEMENTATIONS = YES;
				CLANG_WARN_DIRECT_OBJC_ISA_USAGE = YES_ERROR;
				CLANG_WARN_DOCUMENTATION_COMMENTS = YES;
				CLANG_WARN_EMPTY_BODY = YES;
				CLANG_WARN_ENUM_CONVERSION = YES;
				CLANG_WARN_INFINITE_RECURSION = YES;
				CLANG_WARN_INT_CONVERSION = YES;
				CLANG_WARN_NON_LITERAL_NULL_CONVERSION = YES;
				CLANG_WARN_OBJC_IMPLICIT_RETAIN_SELF = YES;
				CLANG_WARN_OBJC_LITERAL_CONVERSION = YES;
				CLANG_WARN_OBJC_ROOT_CLASS = YES_ERROR;
				CLANG_WARN_QUOTED_INCLUDE_IN_FRAMEWORK_HEADER = YES;
				CLANG_WARN_RANGE_LOOP_ANALYSIS = YES;
				CLANG_WARN_STRICT_PROTOTYPES = YES;
				CLANG_WARN_SUSPICIOUS_MOVE = YES;
				CLANG_WARN_UNGUARDED_AVAILABILITY = YES_AGGRESSIVE;
				CLANG_WARN_UNREACHABLE_CODE = YES;
				CLANG_WARN__DUPLICATE_METHOD_MATCH = YES;
				COPY_PHASE_STRIP = NO;
				DEBUG_INFORMATION_FORMAT = dwarf;
				ENABLE_STRICT_OBJC_MSGSEND = YES;
				ENABLE_TESTABILITY = YES;
				GCC_C_LANGUAGE_STANDARD = gnu11;
				GCC_DYNAMIC_NO_PIC = NO;
				GCC_NO_COMMON_BLOCKS = YES;
				GCC_OPTIMIZATION_LEVEL = 0;
				GCC_PREPROCESSOR_DEFINITIONS = (
					"DEBUG=1",
					"$(inherited)",
				);
				GCC_WARN_64_TO_32_BIT_CONVERSION = YES;
				GCC_WARN_ABOUT_RETURN_TYPE = YES_ERROR;
				GCC_WARN_UNDECLARED_SELECTOR = YES;
				GCC_WARN_UNINITIALIZED_AUTOS = YES_AGGRESSIVE;
				GCC_WARN_UNUSED_FUNCTION = YES;
				GCC_WARN_UNUSED_VARIABLE = YES;
				IPHONEOS_DEPLOYMENT_TARGET = 16.4;
				MTL_ENABLE_DEBUG_INFO = INCLUDE_SOURCE;
				MTL_FAST_MATH = YES;
				ONLY_ACTIVE_ARCH = YES;
				SDKROOT = iphoneos;
				SWIFT_ACTIVE_COMPILATION_CONDITIONS = DEBUG;
				SWIFT_OPTIMIZATION_LEVEL = "-Onone";
			};
			name = Debug;
		};
		514546012A9784600097AAEC /* Release */ = {
			isa = XCBuildConfiguration;
			baseConfigurationReference = 511B34322AA601250045E0C5 /* Config.xcconfig */;
			buildSettings = {
				ALWAYS_SEARCH_USER_PATHS = NO;
				CLANG_ANALYZER_NONNULL = YES;
				CLANG_ANALYZER_NUMBER_OBJECT_CONVERSION = YES_AGGRESSIVE;
				CLANG_CXX_LANGUAGE_STANDARD = "gnu++20";
				CLANG_ENABLE_MODULES = YES;
				CLANG_ENABLE_OBJC_ARC = YES;
				CLANG_ENABLE_OBJC_WEAK = YES;
				CLANG_WARN_BLOCK_CAPTURE_AUTORELEASING = YES;
				CLANG_WARN_BOOL_CONVERSION = YES;
				CLANG_WARN_COMMA = YES;
				CLANG_WARN_CONSTANT_CONVERSION = YES;
				CLANG_WARN_DEPRECATED_OBJC_IMPLEMENTATIONS = YES;
				CLANG_WARN_DIRECT_OBJC_ISA_USAGE = YES_ERROR;
				CLANG_WARN_DOCUMENTATION_COMMENTS = YES;
				CLANG_WARN_EMPTY_BODY = YES;
				CLANG_WARN_ENUM_CONVERSION = YES;
				CLANG_WARN_INFINITE_RECURSION = YES;
				CLANG_WARN_INT_CONVERSION = YES;
				CLANG_WARN_NON_LITERAL_NULL_CONVERSION = YES;
				CLANG_WARN_OBJC_IMPLICIT_RETAIN_SELF = YES;
				CLANG_WARN_OBJC_LITERAL_CONVERSION = YES;
				CLANG_WARN_OBJC_ROOT_CLASS = YES_ERROR;
				CLANG_WARN_QUOTED_INCLUDE_IN_FRAMEWORK_HEADER = YES;
				CLANG_WARN_RANGE_LOOP_ANALYSIS = YES;
				CLANG_WARN_STRICT_PROTOTYPES = YES;
				CLANG_WARN_SUSPICIOUS_MOVE = YES;
				CLANG_WARN_UNGUARDED_AVAILABILITY = YES_AGGRESSIVE;
				CLANG_WARN_UNREACHABLE_CODE = YES;
				CLANG_WARN__DUPLICATE_METHOD_MATCH = YES;
				COPY_PHASE_STRIP = NO;
				DEBUG_INFORMATION_FORMAT = "dwarf-with-dsym";
				ENABLE_NS_ASSERTIONS = NO;
				ENABLE_STRICT_OBJC_MSGSEND = YES;
				GCC_C_LANGUAGE_STANDARD = gnu11;
				GCC_NO_COMMON_BLOCKS = YES;
				GCC_WARN_64_TO_32_BIT_CONVERSION = YES;
				GCC_WARN_ABOUT_RETURN_TYPE = YES_ERROR;
				GCC_WARN_UNDECLARED_SELECTOR = YES;
				GCC_WARN_UNINITIALIZED_AUTOS = YES_AGGRESSIVE;
				GCC_WARN_UNUSED_FUNCTION = YES;
				GCC_WARN_UNUSED_VARIABLE = YES;
				IPHONEOS_DEPLOYMENT_TARGET = 16.4;
				MTL_ENABLE_DEBUG_INFO = NO;
				MTL_FAST_MATH = YES;
				SDKROOT = iphoneos;
				SWIFT_COMPILATION_MODE = wholemodule;
				SWIFT_OPTIMIZATION_LEVEL = "-O";
				VALIDATE_PRODUCT = YES;
			};
			name = Release;
		};
		514546032A9784600097AAEC /* Debug */ = {
			isa = XCBuildConfiguration;
			buildSettings = {
				ASSETCATALOG_COMPILER_APPICON_NAME = AppIcon;
				ASSETCATALOG_COMPILER_GLOBAL_ACCENT_COLOR_NAME = AccentColor;
				CODE_SIGN_STYLE = Automatic;
				CURRENT_PROJECT_VERSION = 1;
				DEVELOPMENT_ASSET_PATHS = "\"SwiftUIWithUIKitComponents/Preview Content\"";
				DEVELOPMENT_TEAM = 3BH64RUXKQ;
				ENABLE_PREVIEWS = YES;
				GENERATE_INFOPLIST_FILE = YES;
				INFOPLIST_FILE = SwiftUIWithUIKitComponents/Info.plist;
				INFOPLIST_KEY_UIApplicationSceneManifest_Generation = YES;
				INFOPLIST_KEY_UIApplicationSupportsIndirectInputEvents = YES;
				INFOPLIST_KEY_UILaunchScreen_Generation = YES;
				INFOPLIST_KEY_UISupportedInterfaceOrientations_iPad = "UIInterfaceOrientationPortrait UIInterfaceOrientationPortraitUpsideDown UIInterfaceOrientationLandscapeLeft UIInterfaceOrientationLandscapeRight";
				INFOPLIST_KEY_UISupportedInterfaceOrientations_iPhone = "UIInterfaceOrientationPortrait UIInterfaceOrientationLandscapeLeft UIInterfaceOrientationLandscapeRight";
				LD_RUNPATH_SEARCH_PATHS = (
					"$(inherited)",
					"@executable_path/Frameworks",
				);
				MARKETING_VERSION = 1.0;
				PRODUCT_BUNDLE_IDENTIFIER = pl.com.SwiftUIWithUIKitComponents;
				PRODUCT_NAME = "$(TARGET_NAME)";
				SWIFT_EMIT_LOC_STRINGS = YES;
				SWIFT_VERSION = 5.0;
				TARGETED_DEVICE_FAMILY = "1,2";
			};
			name = Debug;
		};
		514546042A9784600097AAEC /* Release */ = {
			isa = XCBuildConfiguration;
			buildSettings = {
				ASSETCATALOG_COMPILER_APPICON_NAME = AppIcon;
				ASSETCATALOG_COMPILER_GLOBAL_ACCENT_COLOR_NAME = AccentColor;
				CODE_SIGN_STYLE = Automatic;
				CURRENT_PROJECT_VERSION = 1;
				DEVELOPMENT_ASSET_PATHS = "\"SwiftUIWithUIKitComponents/Preview Content\"";
				DEVELOPMENT_TEAM = 3BH64RUXKQ;
				ENABLE_PREVIEWS = YES;
				GENERATE_INFOPLIST_FILE = YES;
				INFOPLIST_FILE = SwiftUIWithUIKitComponents/Info.plist;
				INFOPLIST_KEY_UIApplicationSceneManifest_Generation = YES;
				INFOPLIST_KEY_UIApplicationSupportsIndirectInputEvents = YES;
				INFOPLIST_KEY_UILaunchScreen_Generation = YES;
				INFOPLIST_KEY_UISupportedInterfaceOrientations_iPad = "UIInterfaceOrientationPortrait UIInterfaceOrientationPortraitUpsideDown UIInterfaceOrientationLandscapeLeft UIInterfaceOrientationLandscapeRight";
				INFOPLIST_KEY_UISupportedInterfaceOrientations_iPhone = "UIInterfaceOrientationPortrait UIInterfaceOrientationLandscapeLeft UIInterfaceOrientationLandscapeRight";
				LD_RUNPATH_SEARCH_PATHS = (
					"$(inherited)",
					"@executable_path/Frameworks",
				);
				MARKETING_VERSION = 1.0;
				PRODUCT_BUNDLE_IDENTIFIER = pl.com.SwiftUIWithUIKitComponents;
				PRODUCT_NAME = "$(TARGET_NAME)";
				SWIFT_EMIT_LOC_STRINGS = YES;
				SWIFT_VERSION = 5.0;
				TARGETED_DEVICE_FAMILY = "1,2";
			};
			name = Release;
		};
		514546062A9784600097AAEC /* Debug */ = {
			isa = XCBuildConfiguration;
			buildSettings = {
				ALWAYS_EMBED_SWIFT_STANDARD_LIBRARIES = YES;
				BUNDLE_LOADER = "$(TEST_HOST)";
				CODE_SIGN_STYLE = Automatic;
				CURRENT_PROJECT_VERSION = 1;
				DEVELOPMENT_TEAM = 3BH64RUXKQ;
				GENERATE_INFOPLIST_FILE = YES;
				IPHONEOS_DEPLOYMENT_TARGET = 16.4;
				MARKETING_VERSION = 1.0;
				PRODUCT_BUNDLE_IDENTIFIER = pl.com.SwiftUIWithUIKitComponentsTests;
				PRODUCT_NAME = "$(TARGET_NAME)";
				SWIFT_EMIT_LOC_STRINGS = NO;
				SWIFT_VERSION = 5.0;
				TARGETED_DEVICE_FAMILY = "1,2";
				TEST_HOST = "$(BUILT_PRODUCTS_DIR)/SwiftUIWithUIKitComponents.app/$(BUNDLE_EXECUTABLE_FOLDER_PATH)/SwiftUIWithUIKitComponents";
			};
			name = Debug;
		};
		514546072A9784600097AAEC /* Release */ = {
			isa = XCBuildConfiguration;
			buildSettings = {
				ALWAYS_EMBED_SWIFT_STANDARD_LIBRARIES = YES;
				BUNDLE_LOADER = "$(TEST_HOST)";
				CODE_SIGN_STYLE = Automatic;
				CURRENT_PROJECT_VERSION = 1;
				DEVELOPMENT_TEAM = 3BH64RUXKQ;
				GENERATE_INFOPLIST_FILE = YES;
				IPHONEOS_DEPLOYMENT_TARGET = 16.4;
				MARKETING_VERSION = 1.0;
				PRODUCT_BUNDLE_IDENTIFIER = pl.com.SwiftUIWithUIKitComponentsTests;
				PRODUCT_NAME = "$(TARGET_NAME)";
				SWIFT_EMIT_LOC_STRINGS = NO;
				SWIFT_VERSION = 5.0;
				TARGETED_DEVICE_FAMILY = "1,2";
				TEST_HOST = "$(BUILT_PRODUCTS_DIR)/SwiftUIWithUIKitComponents.app/$(BUNDLE_EXECUTABLE_FOLDER_PATH)/SwiftUIWithUIKitComponents";
			};
			name = Release;
		};
		514546092A9784600097AAEC /* Debug */ = {
			isa = XCBuildConfiguration;
			buildSettings = {
				ALWAYS_EMBED_SWIFT_STANDARD_LIBRARIES = YES;
				CODE_SIGN_STYLE = Automatic;
				CURRENT_PROJECT_VERSION = 1;
				DEVELOPMENT_TEAM = 3BH64RUXKQ;
				GENERATE_INFOPLIST_FILE = YES;
				MARKETING_VERSION = 1.0;
				PRODUCT_BUNDLE_IDENTIFIER = pl.com.SwiftUIWithUIKitComponentsUITests;
				PRODUCT_NAME = "$(TARGET_NAME)";
				SWIFT_EMIT_LOC_STRINGS = NO;
				SWIFT_VERSION = 5.0;
				TARGETED_DEVICE_FAMILY = "1,2";
				TEST_TARGET_NAME = SwiftUIWithUIKitComponents;
			};
			name = Debug;
		};
		5145460A2A9784600097AAEC /* Release */ = {
			isa = XCBuildConfiguration;
			buildSettings = {
				ALWAYS_EMBED_SWIFT_STANDARD_LIBRARIES = YES;
				CODE_SIGN_STYLE = Automatic;
				CURRENT_PROJECT_VERSION = 1;
				DEVELOPMENT_TEAM = 3BH64RUXKQ;
				GENERATE_INFOPLIST_FILE = YES;
				MARKETING_VERSION = 1.0;
				PRODUCT_BUNDLE_IDENTIFIER = pl.com.SwiftUIWithUIKitComponentsUITests;
				PRODUCT_NAME = "$(TARGET_NAME)";
				SWIFT_EMIT_LOC_STRINGS = NO;
				SWIFT_VERSION = 5.0;
				TARGETED_DEVICE_FAMILY = "1,2";
				TEST_TARGET_NAME = SwiftUIWithUIKitComponents;
			};
			name = Release;
		};
/* End XCBuildConfiguration section */

/* Begin XCConfigurationList section */
		514545D92A97845F0097AAEC /* Build configuration list for PBXProject "SwiftUIWithUIKitComponents" */ = {
			isa = XCConfigurationList;
			buildConfigurations = (
				514546002A9784600097AAEC /* Debug */,
				514546012A9784600097AAEC /* Release */,
			);
			defaultConfigurationIsVisible = 0;
			defaultConfigurationName = Release;
		};
		514546022A9784600097AAEC /* Build configuration list for PBXNativeTarget "SwiftUIWithUIKitComponents" */ = {
			isa = XCConfigurationList;
			buildConfigurations = (
				514546032A9784600097AAEC /* Debug */,
				514546042A9784600097AAEC /* Release */,
			);
			defaultConfigurationIsVisible = 0;
			defaultConfigurationName = Release;
		};
		514546052A9784600097AAEC /* Build configuration list for PBXNativeTarget "SwiftUIWithUIKitComponentsTests" */ = {
			isa = XCConfigurationList;
			buildConfigurations = (
				514546062A9784600097AAEC /* Debug */,
				514546072A9784600097AAEC /* Release */,
			);
			defaultConfigurationIsVisible = 0;
			defaultConfigurationName = Release;
		};
		514546082A9784600097AAEC /* Build configuration list for PBXNativeTarget "SwiftUIWithUIKitComponentsUITests" */ = {
			isa = XCConfigurationList;
			buildConfigurations = (
				514546092A9784600097AAEC /* Debug */,
				5145460A2A9784600097AAEC /* Release */,
			);
			defaultConfigurationIsVisible = 0;
			defaultConfigurationName = Release;
		};
/* End XCConfigurationList section */

/* Begin XCRemoteSwiftPackageReference section */
		5145460E2A9784C70097AAEC /* XCRemoteSwiftPackageReference "TMDb" */ = {
			isa = XCRemoteSwiftPackageReference;
			repositoryURL = "https://github.com/adamayoung/TMDb.git";
			requirement = {
				kind = upToNextMajorVersion;
				minimumVersion = 9.0.0;
			};
		};
		519DFC5A2A9E17DE00EFF9B4 /* XCRemoteSwiftPackageReference "Nuke" */ = {
			isa = XCRemoteSwiftPackageReference;
			repositoryURL = "https://github.com/kean/Nuke.git";
			requirement = {
				kind = upToNextMajorVersion;
				minimumVersion = 12.0.0;
			};
		};
/* End XCRemoteSwiftPackageReference section */

/* Begin XCSwiftPackageProductDependency section */
		5145460F2A9784C70097AAEC /* TMDb */ = {
			isa = XCSwiftPackageProductDependency;
			package = 5145460E2A9784C70097AAEC /* XCRemoteSwiftPackageReference "TMDb" */;
			productName = TMDb;
		};
		519DFC5B2A9E17DE00EFF9B4 /* Nuke */ = {
			isa = XCSwiftPackageProductDependency;
			package = 519DFC5A2A9E17DE00EFF9B4 /* XCRemoteSwiftPackageReference "Nuke" */;
			productName = Nuke;
		};
		519DFC5D2A9E17DE00EFF9B4 /* NukeExtensions */ = {
			isa = XCSwiftPackageProductDependency;
			package = 519DFC5A2A9E17DE00EFF9B4 /* XCRemoteSwiftPackageReference "Nuke" */;
			productName = NukeExtensions;
		};
		519DFC5F2A9E17DE00EFF9B4 /* NukeUI */ = {
			isa = XCSwiftPackageProductDependency;
			package = 519DFC5A2A9E17DE00EFF9B4 /* XCRemoteSwiftPackageReference "Nuke" */;
			productName = NukeUI;
		};
		519DFC612A9E17DE00EFF9B4 /* NukeVideo */ = {
			isa = XCSwiftPackageProductDependency;
			package = 519DFC5A2A9E17DE00EFF9B4 /* XCRemoteSwiftPackageReference "Nuke" */;
			productName = NukeVideo;
		};
/* End XCSwiftPackageProductDependency section */
	};
	rootObject = 514545D62A97845F0097AAEC /* Project object */;
}
